
Microsoft Visual Studio Solution File, Format Version 12.00
# Visual Studio 15
VisualStudioVersion = 15.0.28010.2050
MinimumVisualStudioVersion = 10.0.40219.1
Project("{FAE04EC0-301F-11D3-BF4B-00C04F79EFBC}") = "FFEF", "FFEF\FFEF.csproj", "{6169470E-9770-4452-BBDF-79114BAAEEFD}"
EndProject
Global
	GlobalSection(SolutionConfigurationPlatforms) = preSolution
		Debug|Any CPU = Debug|Any CPU
		Release|Any CPU = Release|Any CPU
	EndGlobalSection
	GlobalSection(ProjectConfigurationPlatforms) = postSolution
		{6169470E-9770-4452-BBDF-79114BAAEEFD}.Debug|Any CPU.ActiveCfg = Debug|Any CPU
		{6169470E-9770-4452-BBDF-79114BAAEEFD}.Debug|Any CPU.Build.0 = Debug|Any CPU
		{6169470E-9770-4452-BBDF-79114BAAEEFD}.Release|Any CPU.ActiveCfg = Release|Any CPU
		{6169470E-9770-4452-BBDF-79114BAAEEFD}.Release|Any CPU.Build.0 = Release|Any CPU
	EndGlobalSection
	GlobalSection(SolutionProperties) = preSolution
		HideSolutionNode = FALSE
	EndGlobalSection
	GlobalSection(ExtensibilityGlobals) = postSolution
		SolutionGuid = {46177737-71FB-4FC6-ABEA-D5F7E96D5C9C}
	EndGlobalSection
EndGlobal
